
Microsoft Visual Studio Solution File, Format Version 12.00
# Visual Studio 15
VisualStudioVersion = 15.0.28307.329
MinimumVisualStudioVersion = 10.0.40219.1
Project("{FAE04EC0-301F-11D3-BF4B-00C04F79EFBC}") = "ProjetoCsharp", "ProjetoV_1\ProjetoCsharp.csproj", "{95D6FFBF-593F-4939-905C-962C276A6536}"
EndProject
Global
	GlobalSection(SolutionConfigurationPlatforms) = preSolution
		Debug|Any CPU = Debug|Any CPU
		Release|Any CPU = Release|Any CPU
	EndGlobalSection
	GlobalSection(ProjectConfigurationPlatforms) = postSolution
		{95D6FFBF-593F-4939-905C-962C276A6536}.Debug|Any CPU.ActiveCfg = Debug|Any CPU
		{95D6FFBF-593F-4939-905C-962C276A6536}.Debug|Any CPU.Build.0 = Debug|Any CPU
		{95D6FFBF-593F-4939-905C-962C276A6536}.Release|Any CPU.ActiveCfg = Release|Any CPU
		{95D6FFBF-593F-4939-905C-962C276A6536}.Release|Any CPU.Build.0 = Release|Any CPU
	EndGlobalSection
	GlobalSection(SolutionProperties) = preSolution
		HideSolutionNode = FALSE
	EndGlobalSection
	GlobalSection(ExtensibilityGlobals) = postSolution
		SolutionGuid = {1B72D059-2E96-4597-8FA8-55488597E9E8}
	EndGlobalSection
EndGlobal
